// !$*UTF8*$!
{
	archiveVersion = 1;
	classes = {
	};
	objectVersion = 77;
	objects = {

/* Begin PBXBuildFile section */
		1116E2192E26F24B00BACDCD /* ZIPFoundation in Frameworks */ = {isa = PBXBuildFile; productRef = 1116E2182E26F24B00BACDCD /* ZIPFoundation */; };
		1126E74A2E240E6E0024B619 /* USearch in Frameworks */ = {isa = PBXBuildFile; productRef = 1126E7492E240E6E0024B619 /* USearch */; };
		1126E74D2E240FC60024B619 /* UForm in Frameworks */ = {isa = PBXBuildFile; productRef = 1126E74C2E240FC60024B619 /* UForm */; };
		1170D69A2E19702C00F1E76D /* MLXKit in Frameworks */ = {isa = PBXBuildFile; productRef = 1170D6992E19702C00F1E76D /* MLXKit */; };
		11A24DF62E2B6D9300BF05F6 /* AppticsAnalytics in Frameworks */ = {isa = PBXBuildFile; productRef = 11A24DF52E2B6D9300BF05F6 /* AppticsAnalytics */; };
		11D27B0B2E1875B400F7103B /* FirebaseAnalytics in Frameworks */ = {isa = PBXBuildFile; productRef = 11D27B0A2E1875B400F7103B /* FirebaseAnalytics */; };
		11D27B0D2E1875B400F7103B /* FirebaseAuth in Frameworks */ = {isa = PBXBuildFile; productRef = 11D27B0C2E1875B400F7103B /* FirebaseAuth */; };
		11D27B0F2E1875B400F7103B /* FirebaseCrashlytics in Frameworks */ = {isa = PBXBuildFile; productRef = 11D27B0E2E1875B400F7103B /* FirebaseCrashlytics */; };
		11D27B112E1875B400F7103B /* FirebaseFirestore in Frameworks */ = {isa = PBXBuildFile; productRef = 11D27B102E1875B400F7103B /* FirebaseFirestore */; };
		11EAC0462E2AECBB00C9D2A9 /* LocalLLMClient in Frameworks */ = {isa = PBXBuildFile; productRef = 11EAC0452E2AECBB00C9D2A9 /* LocalLLMClient */; };
		11EAC0482E2AECBB00C9D2A9 /* LocalLLMClientLlama in Frameworks */ = {isa = PBXBuildFile; productRef = 11EAC0472E2AECBB00C9D2A9 /* LocalLLMClientLlama */; };
		11FEFF612E170501000AEDB8 /* AwesomeNavigation in Frameworks */ = {isa = PBXBuildFile; productRef = 11FEFF602E170501000AEDB8 /* AwesomeNavigation */; };
		11FEFF642E170534000AEDB8 /* SwiftUICamera in Frameworks */ = {isa = PBXBuildFile; productRef = 11FEFF632E170534000AEDB8 /* SwiftUICamera */; };
/* End PBXBuildFile section */

/* Begin PBXContainerItemProxy section */
		11FEFF272E16FBFB000AEDB8 /* PBXContainerItemProxy */ = {
			isa = PBXContainerItemProxy;
			containerPortal = 11FEFF112E16FBFA000AEDB8 /* Project object */;
			proxyType = 1;
			remoteGlobalIDString = 11FEFF182E16FBFA000AEDB8;
			remoteInfo = WithMe;
		};
		11FEFF312E16FBFB000AEDB8 /* PBXContainerItemProxy */ = {
			isa = PBXContainerItemProxy;
			containerPortal = 11FEFF112E16FBFA000AEDB8 /* Project object */;
			proxyType = 1;
			remoteGlobalIDString = 11FEFF182E16FBFA000AEDB8;
			remoteInfo = WithMe;
		};
/* End PBXContainerItemProxy section */

/* Begin PBXFileReference section */
		11FEFF192E16FBFA000AEDB8 /* WithMe.app */ = {isa = PBXFileReference; explicitFileType = wrapper.application; includeInIndex = 0; path = WithMe.app; sourceTree = BUILT_PRODUCTS_DIR; };
		11FEFF262E16FBFB000AEDB8 /* WithMeTests.xctest */ = {isa = PBXFileReference; explicitFileType = wrapper.cfbundle; includeInIndex = 0; path = WithMeTests.xctest; sourceTree = BUILT_PRODUCTS_DIR; };
		11FEFF302E16FBFB000AEDB8 /* WithMeUITests.xctest */ = {isa = PBXFileReference; explicitFileType = wrapper.cfbundle; includeInIndex = 0; path = WithMeUITests.xctest; sourceTree = BUILT_PRODUCTS_DIR; };
/* End PBXFileReference section */

/* Begin PBXFileSystemSynchronizedBuildFileExceptionSet section */
		119F1B6A2E1B2668001B7517 /* Exceptions for "WithMe" folder in "WithMe" target */ = {
			isa = PBXFileSystemSynchronizedBuildFileExceptionSet;
			membershipExceptions = (
				Info.plist,
			);
			target = 11FEFF182E16FBFA000AEDB8 /* WithMe */;
		};
/* End PBXFileSystemSynchronizedBuildFileExceptionSet section */

/* Begin PBXFileSystemSynchronizedRootGroup section */
		11FEFF1B2E16FBFA000AEDB8 /* WithMe */ = {
			isa = PBXFileSystemSynchronizedRootGroup;
			exceptions = (
				119F1B6A2E1B2668001B7517 /* Exceptions for "WithMe" folder in "WithMe" target */,
			);
			path = WithMe;
			sourceTree = "<group>";
		};
		11FEFF292E16FBFB000AEDB8 /* WithMeTests */ = {
			isa = PBXFileSystemSynchronizedRootGroup;
			path = WithMeTests;
			sourceTree = "<group>";
		};
		11FEFF332E16FBFB000AEDB8 /* WithMeUITests */ = {
			isa = PBXFileSystemSynchronizedRootGroup;
			path = WithMeUITests;
			sourceTree = "<group>";
		};
/* End PBXFileSystemSynchronizedRootGroup section */

/* Begin PBXFrameworksBuildPhase section */
		11FEFF162E16FBFA000AEDB8 /* Frameworks */ = {
			isa = PBXFrameworksBuildPhase;
			buildActionMask = 2147483647;
			files = (
				11EAC0462E2AECBB00C9D2A9 /* LocalLLMClient in Frameworks */,
				11EAC0482E2AECBB00C9D2A9 /* LocalLLMClientLlama in Frameworks */,
				11FEFF612E170501000AEDB8 /* AwesomeNavigation in Frameworks */,
				11FEFF642E170534000AEDB8 /* SwiftUICamera in Frameworks */,
				1126E74A2E240E6E0024B619 /* USearch in Frameworks */,
				11D27B0F2E1875B400F7103B /* FirebaseCrashlytics in Frameworks */,
				1170D69A2E19702C00F1E76D /* MLXKit in Frameworks */,
				11D27B0B2E1875B400F7103B /* FirebaseAnalytics in Frameworks */,
				11A24DF62E2B6D9300BF05F6 /* AppticsAnalytics in Frameworks */,
				1126E74D2E240FC60024B619 /* UForm in Frameworks */,
				11D27B0D2E1875B400F7103B /* FirebaseAuth in Frameworks */,
				11D27B112E1875B400F7103B /* FirebaseFirestore in Frameworks */,
				1116E2192E26F24B00BACDCD /* ZIPFoundation in Frameworks */,
			);
			runOnlyForDeploymentPostprocessing = 0;
		};
		11FEFF232E16FBFB000AEDB8 /* Frameworks */ = {
			isa = PBXFrameworksBuildPhase;
			buildActionMask = 2147483647;
			files = (
			);
			runOnlyForDeploymentPostprocessing = 0;
		};
		11FEFF2D2E16FBFB000AEDB8 /* Frameworks */ = {
			isa = PBXFrameworksBuildPhase;
			buildActionMask = 2147483647;
			files = (
			);
			runOnlyForDeploymentPostprocessing = 0;
		};
/* End PBXFrameworksBuildPhase section */

/* Begin PBXGroup section */
		11FEFF102E16FBFA000AEDB8 = {
			isa = PBXGroup;
			children = (
				11FEFF1B2E16FBFA000AEDB8 /* WithMe */,
				11FEFF292E16FBFB000AEDB8 /* WithMeTests */,
				11FEFF332E16FBFB000AEDB8 /* WithMeUITests */,
				11FEFF1A2E16FBFA000AEDB8 /* Products */,
			);
			sourceTree = "<group>";
		};
		11FEFF1A2E16FBFA000AEDB8 /* Products */ = {
			isa = PBXGroup;
			children = (
				11FEFF192E16FBFA000AEDB8 /* WithMe.app */,
				11FEFF262E16FBFB000AEDB8 /* WithMeTests.xctest */,
				11FEFF302E16FBFB000AEDB8 /* WithMeUITests.xctest */,
			);
			name = Products;
			sourceTree = "<group>";
		};
/* End PBXGroup section */

/* Begin PBXNativeTarget section */
		11FEFF182E16FBFA000AEDB8 /* WithMe */ = {
			isa = PBXNativeTarget;
			buildConfigurationList = 11FEFF3A2E16FBFB000AEDB8 /* Build configuration list for PBXNativeTarget "WithMe" */;
			buildPhases = (
				11A24DF72E2B6DBF00BF05F6 /* Apptics pre build */,
				11FEFF152E16FBFA000AEDB8 /* Sources */,
				11FEFF162E16FBFA000AEDB8 /* Frameworks */,
				11FEFF172E16FBFA000AEDB8 /* Resources */,
				11D27B142E18772A00F7103B /* ShellScript */,
			);
			buildRules = (
			);
			dependencies = (
			);
			fileSystemSynchronizedGroups = (
				11FEFF1B2E16FBFA000AEDB8 /* WithMe */,
			);
			name = WithMe;
			packageProductDependencies = (
				11FEFF602E170501000AEDB8 /* AwesomeNavigation */,
				11FEFF632E170534000AEDB8 /* SwiftUICamera */,
				11D27B0A2E1875B400F7103B /* FirebaseAnalytics */,
				11D27B0C2E1875B400F7103B /* FirebaseAuth */,
				11D27B0E2E1875B400F7103B /* FirebaseCrashlytics */,
				11D27B102E1875B400F7103B /* FirebaseFirestore */,
				1170D6992E19702C00F1E76D /* MLXKit */,
				1126E7492E240E6E0024B619 /* USearch */,
				1126E74C2E240FC60024B619 /* UForm */,
				1116E2182E26F24B00BACDCD /* ZIPFoundation */,
				11EAC0452E2AECBB00C9D2A9 /* LocalLLMClient */,
				11EAC0472E2AECBB00C9D2A9 /* LocalLLMClientLlama */,
				11A24DF52E2B6D9300BF05F6 /* AppticsAnalytics */,
			);
			productName = WithMe;
			productReference = 11FEFF192E16FBFA000AEDB8 /* WithMe.app */;
			productType = "com.apple.product-type.application";
		};
		11FEFF252E16FBFB000AEDB8 /* WithMeTests */ = {
			isa = PBXNativeTarget;
			buildConfigurationList = 11FEFF3D2E16FBFB000AEDB8 /* Build configuration list for PBXNativeTarget "WithMeTests" */;
			buildPhases = (
				11FEFF222E16FBFB000AEDB8 /* Sources */,
				11FEFF232E16FBFB000AEDB8 /* Frameworks */,
				11FEFF242E16FBFB000AEDB8 /* Resources */,
			);
			buildRules = (
			);
			dependencies = (
				11FEFF282E16FBFB000AEDB8 /* PBXTargetDependency */,
			);
			fileSystemSynchronizedGroups = (
				11FEFF292E16FBFB000AEDB8 /* WithMeTests */,
			);
			name = WithMeTests;
			packageProductDependencies = (
			);
			productName = WithMeTests;
			productReference = 11FEFF262E16FBFB000AEDB8 /* WithMeTests.xctest */;
			productType = "com.apple.product-type.bundle.unit-test";
		};
		11FEFF2F2E16FBFB000AEDB8 /* WithMeUITests */ = {
			isa = PBXNativeTarget;
			buildConfigurationList = 11FEFF402E16FBFB000AEDB8 /* Build configuration list for PBXNativeTarget "WithMeUITests" */;
			buildPhases = (
				11FEFF2C2E16FBFB000AEDB8 /* Sources */,
				11FEFF2D2E16FBFB000AEDB8 /* Frameworks */,
				11FEFF2E2E16FBFB000AEDB8 /* Resources */,
			);
			buildRules = (
			);
			dependencies = (
				11FEFF322E16FBFB000AEDB8 /* PBXTargetDependency */,
			);
			fileSystemSynchronizedGroups = (
				11FEFF332E16FBFB000AEDB8 /* WithMeUITests */,
			);
			name = WithMeUITests;
			packageProductDependencies = (
			);
			productName = WithMeUITests;
			productReference = 11FEFF302E16FBFB000AEDB8 /* WithMeUITests.xctest */;
			productType = "com.apple.product-type.bundle.ui-testing";
		};
/* End PBXNativeTarget section */

/* Begin PBXProject section */
		11FEFF112E16FBFA000AEDB8 /* Project object */ = {
			isa = PBXProject;
			attributes = {
				BuildIndependentTargetsInParallel = 1;
				LastSwiftUpdateCheck = 1640;
				LastUpgradeCheck = 1640;
				TargetAttributes = {
					11FEFF182E16FBFA000AEDB8 = {
						CreatedOnToolsVersion = 16.4;
					};
					11FEFF252E16FBFB000AEDB8 = {
						CreatedOnToolsVersion = 16.4;
						TestTargetID = 11FEFF182E16FBFA000AEDB8;
					};
					11FEFF2F2E16FBFB000AEDB8 = {
						CreatedOnToolsVersion = 16.4;
						TestTargetID = 11FEFF182E16FBFA000AEDB8;
					};
				};
			};
			buildConfigurationList = 11FEFF142E16FBFA000AEDB8 /* Build configuration list for PBXProject "WithMe" */;
			developmentRegion = en;
			hasScannedForEncodings = 0;
			knownRegions = (
				en,
				Base,
			);
			mainGroup = 11FEFF102E16FBFA000AEDB8;
			minimizedProjectReferenceProxies = 1;
			packageReferences = (
				11FEFF5F2E170501000AEDB8 /* XCRemoteSwiftPackageReference "AwesomeNavigation" */,
				11FEFF622E170534000AEDB8 /* XCRemoteSwiftPackageReference "SwiftUICamera" */,
				11D27B092E1875B400F7103B /* XCRemoteSwiftPackageReference "firebase-ios-sdk" */,
				1170D6982E19702C00F1E76D /* XCRemoteSwiftPackageReference "MLXKit" */,
				1126E7482E240E6E0024B619 /* XCRemoteSwiftPackageReference "usearch" */,
				1126E74B2E240FC60024B619 /* XCRemoteSwiftPackageReference "uform" */,
				1116E2172E26F24B00BACDCD /* XCRemoteSwiftPackageReference "ZIPFoundation" */,
				11EAC0442E2AECBB00C9D2A9 /* XCRemoteSwiftPackageReference "LocalLLMClient" */,
				11A24DF42E2B6D9300BF05F6 /* XCRemoteSwiftPackageReference "Apptics-SP" */,
			);
			preferredProjectObjectVersion = 77;
			productRefGroup = 11FEFF1A2E16FBFA000AEDB8 /* Products */;
			projectDirPath = "";
			projectRoot = "";
			targets = (
				11FEFF182E16FBFA000AEDB8 /* WithMe */,
				11FEFF252E16FBFB000AEDB8 /* WithMeTests */,
				11FEFF2F2E16FBFB000AEDB8 /* WithMeUITests */,
			);
		};
/* End PBXProject section */

/* Begin PBXResourcesBuildPhase section */
		11FEFF172E16FBFA000AEDB8 /* Resources */ = {
			isa = PBXResourcesBuildPhase;
			buildActionMask = 2147483647;
			files = (
			);
			runOnlyForDeploymentPostprocessing = 0;
		};
		11FEFF242E16FBFB000AEDB8 /* Resources */ = {
			isa = PBXResourcesBuildPhase;
			buildActionMask = 2147483647;
			files = (
			);
			runOnlyForDeploymentPostprocessing = 0;
		};
		11FEFF2E2E16FBFB000AEDB8 /* Resources */ = {
			isa = PBXResourcesBuildPhase;
			buildActionMask = 2147483647;
			files = (
			);
			runOnlyForDeploymentPostprocessing = 0;
		};
/* End PBXResourcesBuildPhase section */

/* Begin PBXShellScriptBuildPhase section */
		11A24DF72E2B6DBF00BF05F6 /* Apptics pre build */ = {
			isa = PBXShellScriptBuildPhase;
			buildActionMask = 2147483647;
			files = (
			);
			inputFileListPaths = (
			);
			inputPaths = (
			);
			name = "Apptics pre build";
			outputFileListPaths = (
			);
			outputPaths = (
			);
			runOnlyForDeploymentPostprocessing = 0;
			shellPath = /bin/sh;
			shellScript = "sh \"./Pods/Apptics-SDK/scripts/run\" --upload-symbols-for-configurations=\"Release, Appstore\" \n";
		};
		11D27B142E18772A00F7103B /* ShellScript */ = {
			isa = PBXShellScriptBuildPhase;
			buildActionMask = 2147483647;
			files = (
			);
			inputFileListPaths = (
			);
			inputPaths = (
				"${DWARF_DSYM_FOLDER_PATH}/${DWARF_DSYM_FILE_NAME}",
				"${DWARF_DSYM_FOLDER_PATH}/${DWARF_DSYM_FILE_NAME}/Contents/Resources/DWARF/${PRODUCT_NAME}",
				"${DWARF_DSYM_FOLDER_PATH}/${DWARF_DSYM_FILE_NAME}/Contents/Info.plist",
				"$(TARGET_BUILD_DIR)/$(UNLOCALIZED_RESOURCES_FOLDER_PATH)/GoogleService-Info.plist",
				"$(TARGET_BUILD_DIR)/$(EXECUTABLE_PATH)",
				"${DWARF_DSYM_FOLDER_PATH}/${DWARF_DSYM_FILE_NAME}/Contents/Resources/DWARF/${PRODUCT_NAME}.debug.dylib",
			);
			outputFileListPaths = (
			);
			outputPaths = (
			);
			runOnlyForDeploymentPostprocessing = 0;
			shellPath = /bin/sh;
			shellScript = "# Type a script or drag a script file from your workspace to insert its path.\n\"${BUILD_DIR%/Build/*}/SourcePackages/checkouts/firebase-ios-sdk/Crashlytics/run\"\n";
		};
/* End PBXShellScriptBuildPhase section */

/* Begin PBXSourcesBuildPhase section */
		11FEFF152E16FBFA000AEDB8 /* Sources */ = {
			isa = PBXSourcesBuildPhase;
			buildActionMask = 2147483647;
			files = (
			);
			runOnlyForDeploymentPostprocessing = 0;
		};
		11FEFF222E16FBFB000AEDB8 /* Sources */ = {
			isa = PBXSourcesBuildPhase;
			buildActionMask = 2147483647;
			files = (
			);
			runOnlyForDeploymentPostprocessing = 0;
		};
		11FEFF2C2E16FBFB000AEDB8 /* Sources */ = {
			isa = PBXSourcesBuildPhase;
			buildActionMask = 2147483647;
			files = (
			);
			runOnlyForDeploymentPostprocessing = 0;
		};
/* End PBXSourcesBuildPhase section */

/* Begin PBXTargetDependency section */
		11FEFF282E16FBFB000AEDB8 /* PBXTargetDependency */ = {
			isa = PBXTargetDependency;
			target = 11FEFF182E16FBFA000AEDB8 /* WithMe */;
			targetProxy = 11FEFF272E16FBFB000AEDB8 /* PBXContainerItemProxy */;
		};
		11FEFF322E16FBFB000AEDB8 /* PBXTargetDependency */ = {
			isa = PBXTargetDependency;
			target = 11FEFF182E16FBFA000AEDB8 /* WithMe */;
			targetProxy = 11FEFF312E16FBFB000AEDB8 /* PBXContainerItemProxy */;
		};
/* End PBXTargetDependency section */

/* Begin XCBuildConfiguration section */
		11FEFF382E16FBFB000AEDB8 /* Debug */ = {
			isa = XCBuildConfiguration;
			buildSettings = {
				ALWAYS_SEARCH_USER_PATHS = NO;
				ASSETCATALOG_COMPILER_GENERATE_SWIFT_ASSET_SYMBOL_EXTENSIONS = YES;
				CLANG_ANALYZER_NONNULL = YES;
				CLANG_ANALYZER_NUMBER_OBJECT_CONVERSION = YES_AGGRESSIVE;
				CLANG_CXX_LANGUAGE_STANDARD = "gnu++20";
				CLANG_ENABLE_MODULES = YES;
				CLANG_ENABLE_OBJC_ARC = YES;
				CLANG_ENABLE_OBJC_WEAK = YES;
				CLANG_WARN_BLOCK_CAPTURE_AUTORELEASING = YES;
				CLANG_WARN_BOOL_CONVERSION = YES;
				CLANG_WARN_COMMA = YES;
				CLANG_WARN_CONSTANT_CONVERSION = YES;
				CLANG_WARN_DEPRECATED_OBJC_IMPLEMENTATIONS = YES;
				CLANG_WARN_DIRECT_OBJC_ISA_USAGE = YES_ERROR;
				CLANG_WARN_DOCUMENTATION_COMMENTS = YES;
				CLANG_WARN_EMPTY_BODY = YES;
				CLANG_WARN_ENUM_CONVERSION = YES;
				CLANG_WARN_INFINITE_RECURSION = YES;
				CLANG_WARN_INT_CONVERSION = YES;
				CLANG_WARN_NON_LITERAL_NULL_CONVERSION = YES;
				CLANG_WARN_OBJC_IMPLICIT_RETAIN_SELF = YES;
				CLANG_WARN_OBJC_LITERAL_CONVERSION = YES;
				CLANG_WARN_OBJC_ROOT_CLASS = YES_ERROR;
				CLANG_WARN_QUOTED_INCLUDE_IN_FRAMEWORK_HEADER = YES;
				CLANG_WARN_RANGE_LOOP_ANALYSIS = YES;
				CLANG_WARN_STRICT_PROTOTYPES = YES;
				CLANG_WARN_SUSPICIOUS_MOVE = YES;
				CLANG_WARN_UNGUARDED_AVAILABILITY = YES_AGGRESSIVE;
				CLANG_WARN_UNREACHABLE_CODE = YES;
				CLANG_WARN__DUPLICATE_METHOD_MATCH = YES;
				COPY_PHASE_STRIP = NO;
				DEBUG_INFORMATION_FORMAT = dwarf;
				DEVELOPMENT_TEAM = H56BQC5KZW;
				ENABLE_STRICT_OBJC_MSGSEND = YES;
				ENABLE_TESTABILITY = YES;
				ENABLE_USER_SCRIPT_SANDBOXING = YES;
				GCC_C_LANGUAGE_STANDARD = gnu17;
				GCC_DYNAMIC_NO_PIC = NO;
				GCC_NO_COMMON_BLOCKS = YES;
				GCC_OPTIMIZATION_LEVEL = 0;
				GCC_PREPROCESSOR_DEFINITIONS = (
					"DEBUG=1",
					"$(inherited)",
				);
				GCC_WARN_64_TO_32_BIT_CONVERSION = YES;
				GCC_WARN_ABOUT_RETURN_TYPE = YES_ERROR;
				GCC_WARN_UNDECLARED_SELECTOR = YES;
				GCC_WARN_UNINITIALIZED_AUTOS = YES_AGGRESSIVE;
				GCC_WARN_UNUSED_FUNCTION = YES;
				GCC_WARN_UNUSED_VARIABLE = YES;
				IPHONEOS_DEPLOYMENT_TARGET = 18.6;
				LOCALIZATION_PREFERS_STRING_CATALOGS = YES;
				MTL_ENABLE_DEBUG_INFO = INCLUDE_SOURCE;
				MTL_FAST_MATH = YES;
				ONLY_ACTIVE_ARCH = YES;
				SDKROOT = iphoneos;
				SWIFT_ACTIVE_COMPILATION_CONDITIONS = "DEBUG $(inherited)";
				SWIFT_OPTIMIZATION_LEVEL = "-Onone";
			};
			name = Debug;
		};
		11FEFF392E16FBFB000AEDB8 /* Release */ = {
			isa = XCBuildConfiguration;
			buildSettings = {
				ALWAYS_SEARCH_USER_PATHS = NO;
				ASSETCATALOG_COMPILER_GENERATE_SWIFT_ASSET_SYMBOL_EXTENSIONS = YES;
				CLANG_ANALYZER_NONNULL = YES;
				CLANG_ANALYZER_NUMBER_OBJECT_CONVERSION = YES_AGGRESSIVE;
				CLANG_CXX_LANGUAGE_STANDARD = "gnu++20";
				CLANG_ENABLE_MODULES = YES;
				CLANG_ENABLE_OBJC_ARC = YES;
				CLANG_ENABLE_OBJC_WEAK = YES;
				CLANG_WARN_BLOCK_CAPTURE_AUTORELEASING = YES;
				CLANG_WARN_BOOL_CONVERSION = YES;
				CLANG_WARN_COMMA = YES;
				CLANG_WARN_CONSTANT_CONVERSION = YES;
				CLANG_WARN_DEPRECATED_OBJC_IMPLEMENTATIONS = YES;
				CLANG_WARN_DIRECT_OBJC_ISA_USAGE = YES_ERROR;
				CLANG_WARN_DOCUMENTATION_COMMENTS = YES;
				CLANG_WARN_EMPTY_BODY = YES;
				CLANG_WARN_ENUM_CONVERSION = YES;
				CLANG_WARN_INFINITE_RECURSION = YES;
				CLANG_WARN_INT_CONVERSION = YES;
				CLANG_WARN_NON_LITERAL_NULL_CONVERSION = YES;
				CLANG_WARN_OBJC_IMPLICIT_RETAIN_SELF = YES;
				CLANG_WARN_OBJC_LITERAL_CONVERSION = YES;
				CLANG_WARN_OBJC_ROOT_CLASS = YES_ERROR;
				CLANG_WARN_QUOTED_INCLUDE_IN_FRAMEWORK_HEADER = YES;
				CLANG_WARN_RANGE_LOOP_ANALYSIS = YES;
				CLANG_WARN_STRICT_PROTOTYPES = YES;
				CLANG_WARN_SUSPICIOUS_MOVE = YES;
				CLANG_WARN_UNGUARDED_AVAILABILITY = YES_AGGRESSIVE;
				CLANG_WARN_UNREACHABLE_CODE = YES;
				CLANG_WARN__DUPLICATE_METHOD_MATCH = YES;
				COPY_PHASE_STRIP = NO;
				DEBUG_INFORMATION_FORMAT = "dwarf-with-dsym";
				DEVELOPMENT_TEAM = H56BQC5KZW;
				ENABLE_NS_ASSERTIONS = NO;
				ENABLE_STRICT_OBJC_MSGSEND = YES;
				ENABLE_USER_SCRIPT_SANDBOXING = YES;
				GCC_C_LANGUAGE_STANDARD = gnu17;
				GCC_NO_COMMON_BLOCKS = YES;
				GCC_WARN_64_TO_32_BIT_CONVERSION = YES;
				GCC_WARN_ABOUT_RETURN_TYPE = YES_ERROR;
				GCC_WARN_UNDECLARED_SELECTOR = YES;
				GCC_WARN_UNINITIALIZED_AUTOS = YES_AGGRESSIVE;
				GCC_WARN_UNUSED_FUNCTION = YES;
				GCC_WARN_UNUSED_VARIABLE = YES;
				IPHONEOS_DEPLOYMENT_TARGET = 18.6;
				LOCALIZATION_PREFERS_STRING_CATALOGS = YES;
				MTL_ENABLE_DEBUG_INFO = NO;
				MTL_FAST_MATH = YES;
				SDKROOT = iphoneos;
				SWIFT_COMPILATION_MODE = wholemodule;
				VALIDATE_PRODUCT = YES;
			};
			name = Release;
		};
		11FEFF3B2E16FBFB000AEDB8 /* Debug */ = {
			isa = XCBuildConfiguration;
			buildSettings = {
				ASSETCATALOG_COMPILER_APPICON_NAME = AppIcon;
				ASSETCATALOG_COMPILER_GLOBAL_ACCENT_COLOR_NAME = AccentColor;
				CODE_SIGN_ENTITLEMENTS = WithMe/WithMe.entitlements;
				CODE_SIGN_STYLE = Automatic;
				CURRENT_PROJECT_VERSION = 6;
				DEBUG_INFORMATION_FORMAT = "dwarf-with-dsym";
				DEVELOPMENT_TEAM = H56BQC5KZW;
				ENABLE_PREVIEWS = YES;
				GENERATE_INFOPLIST_FILE = YES;
				INFOPLIST_FILE = WithMe/Info.plist;
				INFOPLIST_KEY_ITSAppUsesNonExemptEncryption = NO;
				INFOPLIST_KEY_LSApplicationCategoryType = "public.app-category.productivity";
				INFOPLIST_KEY_NSCameraUsageDescription = "We need this to capture photo and record video";
				INFOPLIST_KEY_NSMicrophoneUsageDescription = "We need this to record video with sound";
				INFOPLIST_KEY_UIApplicationSceneManifest_Generation = YES;
				INFOPLIST_KEY_UIApplicationSupportsIndirectInputEvents = YES;
				INFOPLIST_KEY_UILaunchScreen_Generation = YES;
				INFOPLIST_KEY_UISupportedInterfaceOrientations = UIInterfaceOrientationPortrait;
				INFOPLIST_KEY_UISupportedInterfaceOrientations_iPad = "UIInterfaceOrientationLandscapeLeft UIInterfaceOrientationLandscapeRight UIInterfaceOrientationPortrait UIInterfaceOrientationPortraitUpsideDown";
				INFOPLIST_KEY_UISupportsDocumentBrowser = NO;
				IPHONEOS_DEPLOYMENT_TARGET = 18.5;
				LD_RUNPATH_SEARCH_PATHS = (
					"$(inherited)",
					"@executable_path/Frameworks",
				);
				MARKETING_VERSION = 0.0.1;
				PRODUCT_BUNDLE_IDENTIFIER = in.karindam.WithMe;
				PRODUCT_NAME = "$(TARGET_NAME)";
				SUPPORTED_PLATFORMS = "iphoneos iphonesimulator";
				SUPPORTS_MACCATALYST = NO;
				SUPPORTS_MAC_DESIGNED_FOR_IPHONE_IPAD = NO;
				SUPPORTS_XR_DESIGNED_FOR_IPHONE_IPAD = NO;
				SWIFT_EMIT_LOC_STRINGS = YES;
				SWIFT_OBJC_INTEROP_MODE = objcxx;
				SWIFT_VERSION = 5.0;
				TARGETED_DEVICE_FAMILY = 1;
			};
			name = Debug;
		};
		11FEFF3C2E16FBFB000AEDB8 /* Release */ = {
			isa = XCBuildConfiguration;
			buildSettings = {
				ASSETCATALOG_COMPILER_APPICON_NAME = AppIcon;
				ASSETCATALOG_COMPILER_GLOBAL_ACCENT_COLOR_NAME = AccentColor;
				CODE_SIGN_ENTITLEMENTS = WithMe/WithMe.entitlements;
				CODE_SIGN_STYLE = Automatic;
				CURRENT_PROJECT_VERSION = 6;
				DEVELOPMENT_TEAM = H56BQC5KZW;
				ENABLE_PREVIEWS = YES;
				GENERATE_INFOPLIST_FILE = YES;
				INFOPLIST_FILE = WithMe/Info.plist;
				INFOPLIST_KEY_ITSAppUsesNonExemptEncryption = NO;
				INFOPLIST_KEY_LSApplicationCategoryType = "public.app-category.productivity";
				INFOPLIST_KEY_NSCameraUsageDescription = "We need this to capture photo and record video";
				INFOPLIST_KEY_NSMicrophoneUsageDescription = "We need this to record video with sound";
				INFOPLIST_KEY_UIApplicationSceneManifest_Generation = YES;
				INFOPLIST_KEY_UIApplicationSupportsIndirectInputEvents = YES;
				INFOPLIST_KEY_UILaunchScreen_Generation = YES;
				INFOPLIST_KEY_UISupportedInterfaceOrientations = UIInterfaceOrientationPortrait;
				INFOPLIST_KEY_UISupportedInterfaceOrientations_iPad = "UIInterfaceOrientationLandscapeLeft UIInterfaceOrientationLandscapeRight UIInterfaceOrientationPortrait UIInterfaceOrientationPortraitUpsideDown";
				INFOPLIST_KEY_UISupportsDocumentBrowser = NO;
				IPHONEOS_DEPLOYMENT_TARGET = 18.5;
				LD_RUNPATH_SEARCH_PATHS = (
					"$(inherited)",
					"@executable_path/Frameworks",
				);
				MARKETING_VERSION = 0.0.1;
				PRODUCT_BUNDLE_IDENTIFIER = in.karindam.WithMe;
				PRODUCT_NAME = "$(TARGET_NAME)";
				SUPPORTED_PLATFORMS = "iphoneos iphonesimulator";
				SUPPORTS_MACCATALYST = NO;
				SUPPORTS_MAC_DESIGNED_FOR_IPHONE_IPAD = NO;
				SUPPORTS_XR_DESIGNED_FOR_IPHONE_IPAD = NO;
				SWIFT_EMIT_LOC_STRINGS = YES;
				SWIFT_OBJC_INTEROP_MODE = objcxx;
				SWIFT_VERSION = 5.0;
				TARGETED_DEVICE_FAMILY = 1;
			};
			name = Release;
		};
		11FEFF3E2E16FBFB000AEDB8 /* Debug */ = {
			isa = XCBuildConfiguration;
			buildSettings = {
				BUNDLE_LOADER = "$(TEST_HOST)";
				CODE_SIGN_STYLE = Automatic;
				CURRENT_PROJECT_VERSION = 1;
				DEVELOPMENT_TEAM = H56BQC5KZW;
				GENERATE_INFOPLIST_FILE = YES;
				IPHONEOS_DEPLOYMENT_TARGET = 18.5;
				MARKETING_VERSION = 1.0;
				PRODUCT_BUNDLE_IDENTIFIER = in.karindam.WithMeTests;
				PRODUCT_NAME = "$(TARGET_NAME)";
				SWIFT_EMIT_LOC_STRINGS = NO;
				SWIFT_VERSION = 5.0;
				TARGETED_DEVICE_FAMILY = "1,2";
				TEST_HOST = "$(BUILT_PRODUCTS_DIR)/WithMe.app/$(BUNDLE_EXECUTABLE_FOLDER_PATH)/WithMe";
			};
			name = Debug;
		};
		11FEFF3F2E16FBFB000AEDB8 /* Release */ = {
			isa = XCBuildConfiguration;
			buildSettings = {
				BUNDLE_LOADER = "$(TEST_HOST)";
				CODE_SIGN_STYLE = Automatic;
				CURRENT_PROJECT_VERSION = 1;
				DEVELOPMENT_TEAM = H56BQC5KZW;
				GENERATE_INFOPLIST_FILE = YES;
				IPHONEOS_DEPLOYMENT_TARGET = 18.5;
				MARKETING_VERSION = 1.0;
				PRODUCT_BUNDLE_IDENTIFIER = in.karindam.WithMeTests;
				PRODUCT_NAME = "$(TARGET_NAME)";
				SWIFT_EMIT_LOC_STRINGS = NO;
				SWIFT_VERSION = 5.0;
				TARGETED_DEVICE_FAMILY = "1,2";
				TEST_HOST = "$(BUILT_PRODUCTS_DIR)/WithMe.app/$(BUNDLE_EXECUTABLE_FOLDER_PATH)/WithMe";
			};
			name = Release;
		};
		11FEFF412E16FBFB000AEDB8 /* Debug */ = {
			isa = XCBuildConfiguration;
			buildSettings = {
				CODE_SIGN_STYLE = Automatic;
				CURRENT_PROJECT_VERSION = 1;
				DEVELOPMENT_TEAM = H56BQC5KZW;
				GENERATE_INFOPLIST_FILE = YES;
				MARKETING_VERSION = 1.0;
				PRODUCT_BUNDLE_IDENTIFIER = in.karindam.WithMeUITests;
				PRODUCT_NAME = "$(TARGET_NAME)";
				SWIFT_EMIT_LOC_STRINGS = NO;
				SWIFT_VERSION = 5.0;
				TARGETED_DEVICE_FAMILY = "1,2";
				TEST_TARGET_NAME = WithMe;
			};
			name = Debug;
		};
		11FEFF422E16FBFB000AEDB8 /* Release */ = {
			isa = XCBuildConfiguration;
			buildSettings = {
				CODE_SIGN_STYLE = Automatic;
				CURRENT_PROJECT_VERSION = 1;
				DEVELOPMENT_TEAM = H56BQC5KZW;
				GENERATE_INFOPLIST_FILE = YES;
				MARKETING_VERSION = 1.0;
				PRODUCT_BUNDLE_IDENTIFIER = in.karindam.WithMeUITests;
				PRODUCT_NAME = "$(TARGET_NAME)";
				SWIFT_EMIT_LOC_STRINGS = NO;
				SWIFT_VERSION = 5.0;
				TARGETED_DEVICE_FAMILY = "1,2";
				TEST_TARGET_NAME = WithMe;
			};
			name = Release;
		};
/* End XCBuildConfiguration section */

/* Begin XCConfigurationList section */
		11FEFF142E16FBFA000AEDB8 /* Build configuration list for PBXProject "WithMe" */ = {
			isa = XCConfigurationList;
			buildConfigurations = (
				11FEFF382E16FBFB000AEDB8 /* Debug */,
				11FEFF392E16FBFB000AEDB8 /* Release */,
			);
			defaultConfigurationIsVisible = 0;
			defaultConfigurationName = Release;
		};
		11FEFF3A2E16FBFB000AEDB8 /* Build configuration list for PBXNativeTarget "WithMe" */ = {
			isa = XCConfigurationList;
			buildConfigurations = (
				11FEFF3B2E16FBFB000AEDB8 /* Debug */,
				11FEFF3C2E16FBFB000AEDB8 /* Release */,
			);
			defaultConfigurationIsVisible = 0;
			defaultConfigurationName = Release;
		};
		11FEFF3D2E16FBFB000AEDB8 /* Build configuration list for PBXNativeTarget "WithMeTests" */ = {
			isa = XCConfigurationList;
			buildConfigurations = (
				11FEFF3E2E16FBFB000AEDB8 /* Debug */,
				11FEFF3F2E16FBFB000AEDB8 /* Release */,
			);
			defaultConfigurationIsVisible = 0;
			defaultConfigurationName = Release;
		};
		11FEFF402E16FBFB000AEDB8 /* Build configuration list for PBXNativeTarget "WithMeUITests" */ = {
			isa = XCConfigurationList;
			buildConfigurations = (
				11FEFF412E16FBFB000AEDB8 /* Debug */,
				11FEFF422E16FBFB000AEDB8 /* Release */,
			);
			defaultConfigurationIsVisible = 0;
			defaultConfigurationName = Release;
		};
/* End XCConfigurationList section */

/* Begin XCRemoteSwiftPackageReference section */
		1116E2172E26F24B00BACDCD /* XCRemoteSwiftPackageReference "ZIPFoundation" */ = {
			isa = XCRemoteSwiftPackageReference;
			repositoryURL = "https://github.com/weichsel/ZIPFoundation";
			requirement = {
				kind = upToNextMajorVersion;
				minimumVersion = 0.9.19;
			};
		};
		1126E7482E240E6E0024B619 /* XCRemoteSwiftPackageReference "usearch" */ = {
			isa = XCRemoteSwiftPackageReference;
			repositoryURL = "https://github.com/unum-cloud/usearch";
			requirement = {
				branch = main;
				kind = branch;
			};
		};
		1126E74B2E240FC60024B619 /* XCRemoteSwiftPackageReference "uform" */ = {
			isa = XCRemoteSwiftPackageReference;
			repositoryURL = "https://github.com/unum-cloud/uform";
			requirement = {
				branch = main;
				kind = branch;
			};
		};
		1170D6982E19702C00F1E76D /* XCRemoteSwiftPackageReference "MLXKit" */ = {
			isa = XCRemoteSwiftPackageReference;
			repositoryURL = "https://github.com/k-arindam/MLXKit";
			requirement = {
				kind = upToNextMajorVersion;
				minimumVersion = 0.0.2;
			};
		};
		11A24DF42E2B6D9300BF05F6 /* XCRemoteSwiftPackageReference "Apptics-SP" */ = {
			isa = XCRemoteSwiftPackageReference;
			repositoryURL = "https://github.com/zoho/Apptics-SP.git";
			requirement = {
				kind = upToNextMajorVersion;
				minimumVersion = 3.1.3;
			};
		};
		11D27B092E1875B400F7103B /* XCRemoteSwiftPackageReference "firebase-ios-sdk" */ = {
			isa = XCRemoteSwiftPackageReference;
			repositoryURL = "https://github.com/firebase/firebase-ios-sdk";
			requirement = {
				kind = upToNextMajorVersion;
				minimumVersion = 11.15.0;
			};
		};
		11EAC0442E2AECBB00C9D2A9 /* XCRemoteSwiftPackageReference "LocalLLMClient" */ = {
			isa = XCRemoteSwiftPackageReference;
			repositoryURL = "https://github.com/tattn/LocalLLMClient.git";
			requirement = {
				branch = main;
				kind = branch;
			};
		};
		11FEFF5F2E170501000AEDB8 /* XCRemoteSwiftPackageReference "AwesomeNavigation" */ = {
			isa = XCRemoteSwiftPackageReference;
			repositoryURL = "https://github.com/k-arindam/AwesomeNavigation.git";
			requirement = {
				kind = upToNextMajorVersion;
				minimumVersion = 0.0.1;
			};
		};
		11FEFF622E170534000AEDB8 /* XCRemoteSwiftPackageReference "SwiftUICamera" */ = {
			isa = XCRemoteSwiftPackageReference;
			repositoryURL = "https://github.com/k-arindam/SwiftUICamera.git";
			requirement = {
				kind = upToNextMajorVersion;
				minimumVersion = 0.0.5;
			};
		};
/* End XCRemoteSwiftPackageReference section */

/* Begin XCSwiftPackageProductDependency section */
		1116E2182E26F24B00BACDCD /* ZIPFoundation */ = {
			isa = XCSwiftPackageProductDependency;
			package = 1116E2172E26F24B00BACDCD /* XCRemoteSwiftPackageReference "ZIPFoundation" */;
			productName = ZIPFoundation;
		};
		1126E7492E240E6E0024B619 /* USearch */ = {
			isa = XCSwiftPackageProductDependency;
			package = 1126E7482E240E6E0024B619 /* XCRemoteSwiftPackageReference "usearch" */;
			productName = USearch;
		};
		1126E74C2E240FC60024B619 /* UForm */ = {
			isa = XCSwiftPackageProductDependency;
			package = 1126E74B2E240FC60024B619 /* XCRemoteSwiftPackageReference "uform" */;
			productName = UForm;
		};
		1170D6992E19702C00F1E76D /* MLXKit */ = {
			isa = XCSwiftPackageProductDependency;
			package = 1170D6982E19702C00F1E76D /* XCRemoteSwiftPackageReference "MLXKit" */;
			productName = MLXKit;
		};
		11A24DF52E2B6D9300BF05F6 /* AppticsAnalytics */ = {
			isa = XCSwiftPackageProductDependency;
			package = 11A24DF42E2B6D9300BF05F6 /* XCRemoteSwiftPackageReference "Apptics-SP" */;
			productName = AppticsAnalytics;
		};
		11D27B0A2E1875B400F7103B /* FirebaseAnalytics */ = {
			isa = XCSwiftPackageProductDependency;
			package = 11D27B092E1875B400F7103B /* XCRemoteSwiftPackageReference "firebase-ios-sdk" */;
			productName = FirebaseAnalytics;
		};
		11D27B0C2E1875B400F7103B /* FirebaseAuth */ = {
			isa = XCSwiftPackageProductDependency;
			package = 11D27B092E1875B400F7103B /* XCRemoteSwiftPackageReference "firebase-ios-sdk" */;
			productName = FirebaseAuth;
		};
		11D27B0E2E1875B400F7103B /* FirebaseCrashlytics */ = {
			isa = XCSwiftPackageProductDependency;
			package = 11D27B092E1875B400F7103B /* XCRemoteSwiftPackageReference "firebase-ios-sdk" */;
			productName = FirebaseCrashlytics;
		};
		11D27B102E1875B400F7103B /* FirebaseFirestore */ = {
			isa = XCSwiftPackageProductDependency;
			package = 11D27B092E1875B400F7103B /* XCRemoteSwiftPackageReference "firebase-ios-sdk" */;
			productName = FirebaseFirestore;
		};
		11EAC0452E2AECBB00C9D2A9 /* LocalLLMClient */ = {
			isa = XCSwiftPackageProductDependency;
			package = 11EAC0442E2AECBB00C9D2A9 /* XCRemoteSwiftPackageReference "LocalLLMClient" */;
			productName = LocalLLMClient;
		};
		11EAC0472E2AECBB00C9D2A9 /* LocalLLMClientLlama */ = {
			isa = XCSwiftPackageProductDependency;
			package = 11EAC0442E2AECBB00C9D2A9 /* XCRemoteSwiftPackageReference "LocalLLMClient" */;
			productName = LocalLLMClientLlama;
		};
		11FEFF602E170501000AEDB8 /* AwesomeNavigation */ = {
			isa = XCSwiftPackageProductDependency;
			package = 11FEFF5F2E170501000AEDB8 /* XCRemoteSwiftPackageReference "AwesomeNavigation" */;
			productName = AwesomeNavigation;
		};
		11FEFF632E170534000AEDB8 /* SwiftUICamera */ = {
			isa = XCSwiftPackageProductDependency;
			package = 11FEFF622E170534000AEDB8 /* XCRemoteSwiftPackageReference "SwiftUICamera" */;
			productName = SwiftUICamera;
		};
/* End XCSwiftPackageProductDependency section */
	};
	rootObject = 11FEFF112E16FBFA000AEDB8 /* Project object */;
}
